
Microsoft Visual Studio Solution File, Format Version 12.00
# Visual Studio Version 17
VisualStudioVersion = 17.7.34031.279
MinimumVisualStudioVersion = 10.0.40219.1
Project("{FAE04EC0-301F-11D3-BF4B-00C04F79EFBC}") = "WebAPI", "WebAPI\WebAPI.csproj", "{1D579002-7276-48F6-AF46-5340FA3D61A4}"
EndProject
Project("{FAE04EC0-301F-11D3-BF4B-00C04F79EFBC}") = "Domain", "Domain\Domain.csproj", "{2404B193-FE28-4730-8559-F1391A2987F1}"
EndProject
Global
	GlobalSection(SolutionConfigurationPlatforms) = preSolution
		Debug|Any CPU = Debug|Any CPU
		Release|Any CPU = Release|Any CPU
	EndGlobalSection
	GlobalSection(ProjectConfigurationPlatforms) = postSolution
		{1D579002-7276-48F6-AF46-5340FA3D61A4}.Debug|Any CPU.ActiveCfg = Debug|Any CPU
		{1D579002-7276-48F6-AF46-5340FA3D61A4}.Debug|Any CPU.Build.0 = Debug|Any CPU
		{1D579002-7276-48F6-AF46-5340FA3D61A4}.Release|Any CPU.ActiveCfg = Release|Any CPU
		{1D579002-7276-48F6-AF46-5340FA3D61A4}.Release|Any CPU.Build.0 = Release|Any CPU
		{2404B193-FE28-4730-8559-F1391A2987F1}.Debug|Any CPU.ActiveCfg = Debug|Any CPU
		{2404B193-FE28-4730-8559-F1391A2987F1}.Debug|Any CPU.Build.0 = Debug|Any CPU
		{2404B193-FE28-4730-8559-F1391A2987F1}.Release|Any CPU.ActiveCfg = Release|Any CPU
		{2404B193-FE28-4730-8559-F1391A2987F1}.Release|Any CPU.Build.0 = Release|Any CPU
	EndGlobalSection
	GlobalSection(SolutionProperties) = preSolution
		HideSolutionNode = FALSE
	EndGlobalSection
	GlobalSection(ExtensibilityGlobals) = postSolution
		SolutionGuid = {8C44DF4D-100E-49BA-A5E3-0A8E882C5B58}
	EndGlobalSection
EndGlobal
